<Solution>
  <Project Path="NavVolume.Demo.csproj" />
  <Project Path="NavVolume.Runtime.csproj" />
  <Project Path="NavVolume.Tests.EditMode.csproj" />
  <Project Path="NavVolume.Editor.csproj" />
  <Project Path="NavVolume.Tests.PlayMode.csproj" />
  <Project Path="Project.EditorPlugins.csproj" />
</Solution>
